
Microsoft Visual Studio Solution File, Format Version 12.00
# Visual Studio 15
VisualStudioVersion = 15.0.28307.1231
MinimumVisualStudioVersion = 10.0.40219.1
Project("{FAE04EC0-301F-11D3-BF4B-00C04F79EFBC}") = "Tic-Tac-Toe", "Tic-Tac-Toe\Tic-Tac-Toe.csproj", "{40073493-D300-46F4-9D23-CA3CC01BBA8A}"
EndProject
Global
	GlobalSection(SolutionConfigurationPlatforms) = preSolution
		Debug|Any CPU = Debug|Any CPU
		Release|Any CPU = Release|Any CPU
	EndGlobalSection
	GlobalSection(ProjectConfigurationPlatforms) = postSolution
		{40073493-D300-46F4-9D23-CA3CC01BBA8A}.Debug|Any CPU.ActiveCfg = Debug|Any CPU
		{40073493-D300-46F4-9D23-CA3CC01BBA8A}.Debug|Any CPU.Build.0 = Debug|Any CPU
		{40073493-D300-46F4-9D23-CA3CC01BBA8A}.Release|Any CPU.ActiveCfg = Release|Any CPU
		{40073493-D300-46F4-9D23-CA3CC01BBA8A}.Release|Any CPU.Build.0 = Release|Any CPU
	EndGlobalSection
	GlobalSection(SolutionProperties) = preSolution
		HideSolutionNode = FALSE
	EndGlobalSection
	GlobalSection(ExtensibilityGlobals) = postSolution
		SolutionGuid = {34DDA7A1-8A5A-46B6-B105-469E3B619AC6}
	EndGlobalSection
EndGlobal
